
Microsoft Visual Studio Solution File, Format Version 12.00
# Visual Studio Version 17
VisualStudioVersion = 17.8.34322.80
MinimumVisualStudioVersion = 10.0.40219.1
Project("{2150E333-8FDC-42A3-9474-1A3956D46DE8}") = "src", "src", "{60BD6282-D217-4931-87CF-BC606EB4781C}"
EndProject
Project("{2150E333-8FDC-42A3-9474-1A3956D46DE8}") = "test", "test", "{073C18B8-BB89-4391-821E-85E265B735EE}"
EndProject
Project("{2150E333-8FDC-42A3-9474-1A3956D46DE8}") = "Generic", "Generic", "{79B16185-1B4A-494B-B9CB-E6C95FDE5493}"
EndProject
Project("{2150E333-8FDC-42A3-9474-1A3956D46DE8}") = "Services", "Services", "{C02C3F39-74BB-49F4-8B55-96A0A5919430}"
EndProject
Project("{2150E333-8FDC-42A3-9474-1A3956D46DE8}") = "Shared", "Shared", "{DC1BD1D3-6B64-445F-859D-B0033BF64455}"
EndProject
Project("{2150E333-8FDC-42A3-9474-1A3956D46DE8}") = "Api", "Api", "{9811E2A5-AAE1-4D70-BD98-FEA8782053C9}"
EndProject
Project("{FAE04EC0-301F-11D3-BF4B-00C04F79EFBC}") = "Generic.Models", "Generic.Models\Generic.Models.csproj", "{EF822356-4946-47B3-B19F-36BDC92E0E8C}"
EndProject
Project("{2150E333-8FDC-42A3-9474-1A3956D46DE8}") = "DBOperations", "DBOperations", "{D08A0868-3976-47FE-BB6A-6C6E75C03DB1}"
EndProject
Project("{FAE04EC0-301F-11D3-BF4B-00C04F79EFBC}") = "DBOperations", "DBOperations\DBOperations.csproj", "{55159BFB-A290-4708-B1E3-59C0624EDF6B}"
EndProject
Global
	GlobalSection(SolutionConfigurationPlatforms) = preSolution
		Debug|Any CPU = Debug|Any CPU
		Release|Any CPU = Release|Any CPU
	EndGlobalSection
	GlobalSection(ProjectConfigurationPlatforms) = postSolution
		{EF822356-4946-47B3-B19F-36BDC92E0E8C}.Debug|Any CPU.ActiveCfg = Debug|Any CPU
		{EF822356-4946-47B3-B19F-36BDC92E0E8C}.Debug|Any CPU.Build.0 = Debug|Any CPU
		{EF822356-4946-47B3-B19F-36BDC92E0E8C}.Release|Any CPU.ActiveCfg = Release|Any CPU
		{EF822356-4946-47B3-B19F-36BDC92E0E8C}.Release|Any CPU.Build.0 = Release|Any CPU
		{55159BFB-A290-4708-B1E3-59C0624EDF6B}.Debug|Any CPU.ActiveCfg = Debug|Any CPU
		{55159BFB-A290-4708-B1E3-59C0624EDF6B}.Debug|Any CPU.Build.0 = Debug|Any CPU
		{55159BFB-A290-4708-B1E3-59C0624EDF6B}.Release|Any CPU.ActiveCfg = Release|Any CPU
		{55159BFB-A290-4708-B1E3-59C0624EDF6B}.Release|Any CPU.Build.0 = Release|Any CPU
	EndGlobalSection
	GlobalSection(SolutionProperties) = preSolution
		HideSolutionNode = FALSE
	EndGlobalSection
	GlobalSection(NestedProjects) = preSolution
		{79B16185-1B4A-494B-B9CB-E6C95FDE5493} = {60BD6282-D217-4931-87CF-BC606EB4781C}
		{C02C3F39-74BB-49F4-8B55-96A0A5919430} = {60BD6282-D217-4931-87CF-BC606EB4781C}
		{DC1BD1D3-6B64-445F-859D-B0033BF64455} = {60BD6282-D217-4931-87CF-BC606EB4781C}
		{9811E2A5-AAE1-4D70-BD98-FEA8782053C9} = {60BD6282-D217-4931-87CF-BC606EB4781C}
		{EF822356-4946-47B3-B19F-36BDC92E0E8C} = {79B16185-1B4A-494B-B9CB-E6C95FDE5493}
		{D08A0868-3976-47FE-BB6A-6C6E75C03DB1} = {DC1BD1D3-6B64-445F-859D-B0033BF64455}
		{55159BFB-A290-4708-B1E3-59C0624EDF6B} = {D08A0868-3976-47FE-BB6A-6C6E75C03DB1}
	EndGlobalSection
	GlobalSection(ExtensibilityGlobals) = postSolution
		SolutionGuid = {BDF9BF1C-AEA3-4CE3-BCE8-621408FA10A2}
	EndGlobalSection
EndGlobal
