
Microsoft Visual Studio Solution File, Format Version 12.00
# Visual Studio Version 17
VisualStudioVersion = 17.8.34322.80
MinimumVisualStudioVersion = 10.0.40219.1
Project("{2150E333-8FDC-42A3-9474-1A3956D46DE8}") = "src", "src", "{60BD6282-D217-4931-87CF-BC606EB4781C}"
EndProject
Project("{2150E333-8FDC-42A3-9474-1A3956D46DE8}") = "test", "test", "{073C18B8-BB89-4391-821E-85E265B735EE}"
EndProject
Project("{2150E333-8FDC-42A3-9474-1A3956D46DE8}") = "Generic", "Generic", "{79B16185-1B4A-494B-B9CB-E6C95FDE5493}"
EndProject
Project("{2150E333-8FDC-42A3-9474-1A3956D46DE8}") = "Services", "Services", "{C02C3F39-74BB-49F4-8B55-96A0A5919430}"
EndProject
Project("{2150E333-8FDC-42A3-9474-1A3956D46DE8}") = "Shared", "Shared", "{DC1BD1D3-6B64-445F-859D-B0033BF64455}"
EndProject
Project("{2150E333-8FDC-42A3-9474-1A3956D46DE8}") = "Api", "Api", "{9811E2A5-AAE1-4D70-BD98-FEA8782053C9}"
EndProject
Project("{9A19103F-16F7-4668-BE54-9A1E7A4F7556}") = "Generic.Models", "Generic.Models\Generic.Models.csproj", "{EF822356-4946-47B3-B19F-36BDC92E0E8C}"
EndProject
Project("{2150E333-8FDC-42A3-9474-1A3956D46DE8}") = "DBOperations", "DBOperations", "{D08A0868-3976-47FE-BB6A-6C6E75C03DB1}"
EndProject
Project("{9A19103F-16F7-4668-BE54-9A1E7A4F7556}") = "DBOperations", "DBOperations\DBOperations.csproj", "{55159BFB-A290-4708-B1E3-59C0624EDF6B}"
EndProject
Project("{2150E333-8FDC-42A3-9474-1A3956D46DE8}") = "Persons", "Persons", "{D1747CE7-D252-4B48-8BF1-61CD97CBD1A2}"
EndProject
Project("{9A19103F-16F7-4668-BE54-9A1E7A4F7556}") = "Persons.Core", "Persons.Core\Persons.Core.csproj", "{2DF1A877-3C68-4132-9133-EC5BB561EBEF}"
EndProject
Project("{9A19103F-16F7-4668-BE54-9A1E7A4F7556}") = "Generic.Mediator", "Generic.Mediator\Generic.Mediator.csproj", "{4C6E5B42-6C5E-468A-9F39-D37B56584033}"
EndProject
Project("{9A19103F-16F7-4668-BE54-9A1E7A4F7556}") = "Persons.Infrastructure", "Persons.Infrastructure\Persons.Infrastructure.csproj", "{2CEA6FB1-64C3-438D-8875-D7198D625FA1}"
EndProject
Project("{FAE04EC0-301F-11D3-BF4B-00C04F79EFBC}") = "Persons.Service", "Persons.Service\Persons.Service.csproj", "{E7AB8DDD-4B8E-447F-BFAE-5C8F42332D6A}"
EndProject
Project("{FAE04EC0-301F-11D3-BF4B-00C04F79EFBC}") = "Persons.Mediator", "Persons.Mediator\Persons.Mediator.csproj", "{A35C02FD-D750-4156-9B12-A0301585C5DF}"
EndProject
Project("{2150E333-8FDC-42A3-9474-1A3956D46DE8}") = "PasswordGenerator", "PasswordGenerator", "{68F9E174-50D3-49E9-A0B3-DAE710E54691}"
EndProject
Project("{FAE04EC0-301F-11D3-BF4B-00C04F79EFBC}") = "PasswordGeneratorPR", "PasswordGeneratorPR\PasswordGeneratorPR.csproj", "{8E7A7FAA-0C2A-4080-8417-B57C9CDAD9C5}"
EndProject
Project("{FAE04EC0-301F-11D3-BF4B-00C04F79EFBC}") = "WebShopApi", "WebShopApi\WebShopApi.csproj", "{28311288-B183-4640-860E-ECB17A7A24BC}"
EndProject
Global
	GlobalSection(SolutionConfigurationPlatforms) = preSolution
		Debug|Any CPU = Debug|Any CPU
		Release|Any CPU = Release|Any CPU
	EndGlobalSection
	GlobalSection(ProjectConfigurationPlatforms) = postSolution
		{EF822356-4946-47B3-B19F-36BDC92E0E8C}.Debug|Any CPU.ActiveCfg = Debug|Any CPU
		{EF822356-4946-47B3-B19F-36BDC92E0E8C}.Debug|Any CPU.Build.0 = Debug|Any CPU
		{EF822356-4946-47B3-B19F-36BDC92E0E8C}.Release|Any CPU.ActiveCfg = Release|Any CPU
		{EF822356-4946-47B3-B19F-36BDC92E0E8C}.Release|Any CPU.Build.0 = Release|Any CPU
		{55159BFB-A290-4708-B1E3-59C0624EDF6B}.Debug|Any CPU.ActiveCfg = Debug|Any CPU
		{55159BFB-A290-4708-B1E3-59C0624EDF6B}.Debug|Any CPU.Build.0 = Debug|Any CPU
		{55159BFB-A290-4708-B1E3-59C0624EDF6B}.Release|Any CPU.ActiveCfg = Release|Any CPU
		{55159BFB-A290-4708-B1E3-59C0624EDF6B}.Release|Any CPU.Build.0 = Release|Any CPU
		{2DF1A877-3C68-4132-9133-EC5BB561EBEF}.Debug|Any CPU.ActiveCfg = Debug|Any CPU
		{2DF1A877-3C68-4132-9133-EC5BB561EBEF}.Debug|Any CPU.Build.0 = Debug|Any CPU
		{2DF1A877-3C68-4132-9133-EC5BB561EBEF}.Release|Any CPU.ActiveCfg = Release|Any CPU
		{2DF1A877-3C68-4132-9133-EC5BB561EBEF}.Release|Any CPU.Build.0 = Release|Any CPU
		{4C6E5B42-6C5E-468A-9F39-D37B56584033}.Debug|Any CPU.ActiveCfg = Debug|Any CPU
		{4C6E5B42-6C5E-468A-9F39-D37B56584033}.Debug|Any CPU.Build.0 = Debug|Any CPU
		{4C6E5B42-6C5E-468A-9F39-D37B56584033}.Release|Any CPU.ActiveCfg = Release|Any CPU
		{4C6E5B42-6C5E-468A-9F39-D37B56584033}.Release|Any CPU.Build.0 = Release|Any CPU
		{2CEA6FB1-64C3-438D-8875-D7198D625FA1}.Debug|Any CPU.ActiveCfg = Debug|Any CPU
		{2CEA6FB1-64C3-438D-8875-D7198D625FA1}.Debug|Any CPU.Build.0 = Debug|Any CPU
		{2CEA6FB1-64C3-438D-8875-D7198D625FA1}.Release|Any CPU.ActiveCfg = Release|Any CPU
		{2CEA6FB1-64C3-438D-8875-D7198D625FA1}.Release|Any CPU.Build.0 = Release|Any CPU
		{E7AB8DDD-4B8E-447F-BFAE-5C8F42332D6A}.Debug|Any CPU.ActiveCfg = Debug|Any CPU
		{E7AB8DDD-4B8E-447F-BFAE-5C8F42332D6A}.Debug|Any CPU.Build.0 = Debug|Any CPU
		{E7AB8DDD-4B8E-447F-BFAE-5C8F42332D6A}.Release|Any CPU.ActiveCfg = Release|Any CPU
		{E7AB8DDD-4B8E-447F-BFAE-5C8F42332D6A}.Release|Any CPU.Build.0 = Release|Any CPU
		{A35C02FD-D750-4156-9B12-A0301585C5DF}.Debug|Any CPU.ActiveCfg = Debug|Any CPU
		{A35C02FD-D750-4156-9B12-A0301585C5DF}.Debug|Any CPU.Build.0 = Debug|Any CPU
		{A35C02FD-D750-4156-9B12-A0301585C5DF}.Release|Any CPU.ActiveCfg = Release|Any CPU
		{A35C02FD-D750-4156-9B12-A0301585C5DF}.Release|Any CPU.Build.0 = Release|Any CPU
		{8E7A7FAA-0C2A-4080-8417-B57C9CDAD9C5}.Debug|Any CPU.ActiveCfg = Debug|Any CPU
		{8E7A7FAA-0C2A-4080-8417-B57C9CDAD9C5}.Debug|Any CPU.Build.0 = Debug|Any CPU
		{8E7A7FAA-0C2A-4080-8417-B57C9CDAD9C5}.Release|Any CPU.ActiveCfg = Release|Any CPU
		{8E7A7FAA-0C2A-4080-8417-B57C9CDAD9C5}.Release|Any CPU.Build.0 = Release|Any CPU
		{28311288-B183-4640-860E-ECB17A7A24BC}.Debug|Any CPU.ActiveCfg = Debug|Any CPU
		{28311288-B183-4640-860E-ECB17A7A24BC}.Debug|Any CPU.Build.0 = Debug|Any CPU
		{28311288-B183-4640-860E-ECB17A7A24BC}.Release|Any CPU.ActiveCfg = Release|Any CPU
		{28311288-B183-4640-860E-ECB17A7A24BC}.Release|Any CPU.Build.0 = Release|Any CPU
	EndGlobalSection
	GlobalSection(SolutionProperties) = preSolution
		HideSolutionNode = FALSE
	EndGlobalSection
	GlobalSection(NestedProjects) = preSolution
		{79B16185-1B4A-494B-B9CB-E6C95FDE5493} = {60BD6282-D217-4931-87CF-BC606EB4781C}
		{C02C3F39-74BB-49F4-8B55-96A0A5919430} = {60BD6282-D217-4931-87CF-BC606EB4781C}
		{DC1BD1D3-6B64-445F-859D-B0033BF64455} = {60BD6282-D217-4931-87CF-BC606EB4781C}
		{9811E2A5-AAE1-4D70-BD98-FEA8782053C9} = {60BD6282-D217-4931-87CF-BC606EB4781C}
		{EF822356-4946-47B3-B19F-36BDC92E0E8C} = {79B16185-1B4A-494B-B9CB-E6C95FDE5493}
		{D08A0868-3976-47FE-BB6A-6C6E75C03DB1} = {DC1BD1D3-6B64-445F-859D-B0033BF64455}
		{55159BFB-A290-4708-B1E3-59C0624EDF6B} = {D08A0868-3976-47FE-BB6A-6C6E75C03DB1}
		{D1747CE7-D252-4B48-8BF1-61CD97CBD1A2} = {C02C3F39-74BB-49F4-8B55-96A0A5919430}
		{2DF1A877-3C68-4132-9133-EC5BB561EBEF} = {D1747CE7-D252-4B48-8BF1-61CD97CBD1A2}
		{4C6E5B42-6C5E-468A-9F39-D37B56584033} = {79B16185-1B4A-494B-B9CB-E6C95FDE5493}
		{2CEA6FB1-64C3-438D-8875-D7198D625FA1} = {D1747CE7-D252-4B48-8BF1-61CD97CBD1A2}
		{E7AB8DDD-4B8E-447F-BFAE-5C8F42332D6A} = {D1747CE7-D252-4B48-8BF1-61CD97CBD1A2}
		{A35C02FD-D750-4156-9B12-A0301585C5DF} = {D1747CE7-D252-4B48-8BF1-61CD97CBD1A2}
		{68F9E174-50D3-49E9-A0B3-DAE710E54691} = {DC1BD1D3-6B64-445F-859D-B0033BF64455}
		{8E7A7FAA-0C2A-4080-8417-B57C9CDAD9C5} = {68F9E174-50D3-49E9-A0B3-DAE710E54691}
		{28311288-B183-4640-860E-ECB17A7A24BC} = {9811E2A5-AAE1-4D70-BD98-FEA8782053C9}
	EndGlobalSection
	GlobalSection(ExtensibilityGlobals) = postSolution
		SolutionGuid = {BDF9BF1C-AEA3-4CE3-BCE8-621408FA10A2}
	EndGlobalSection
EndGlobal
